
Microsoft Visual Studio Solution File, Format Version 12.00
# Visual Studio Version 16
VisualStudioVersion = 16.0.32002.261
MinimumVisualStudioVersion = 10.0.40219.1
Project("{FAE04EC0-301F-11D3-BF4B-00C04F79EFBC}") = "AutomobileManufacturer", "AutomobileManufacturer\AutomobileManufacturer.csproj", "{05D4C088-F790-4DAB-8DCA-56BA32A22DB9}"
EndProject
Global
	GlobalSection(SolutionConfigurationPlatforms) = preSolution
		Debug|Any CPU = Debug|Any CPU
		Release|Any CPU = Release|Any CPU
	EndGlobalSection
	GlobalSection(ProjectConfigurationPlatforms) = postSolution
		{05D4C088-F790-4DAB-8DCA-56BA32A22DB9}.Debug|Any CPU.ActiveCfg = Debug|Any CPU
		{05D4C088-F790-4DAB-8DCA-56BA32A22DB9}.Debug|Any CPU.Build.0 = Debug|Any CPU
		{05D4C088-F790-4DAB-8DCA-56BA32A22DB9}.Release|Any CPU.ActiveCfg = Release|Any CPU
		{05D4C088-F790-4DAB-8DCA-56BA32A22DB9}.Release|Any CPU.Build.0 = Release|Any CPU
	EndGlobalSection
	GlobalSection(SolutionProperties) = preSolution
		HideSolutionNode = FALSE
	EndGlobalSection
	GlobalSection(ExtensibilityGlobals) = postSolution
		SolutionGuid = {D305E1F4-5480-43E4-9283-96FE2752CFD4}
	EndGlobalSection
EndGlobal
